
Microsoft Visual Studio Solution File, Format Version 12.00
# Visual Studio Version 16
VisualStudioVersion = 16.0.31729.503
MinimumVisualStudioVersion = 10.0.40219.1
Project("{FAE04EC0-301F-11D3-BF4B-00C04F79EFBC}") = "QuickStart", "QuickStart\QuickStart.csproj", "{D600DA89-484E-4EA9-A14C-D6413722834E}"
EndProject
Global
	GlobalSection(SolutionConfigurationPlatforms) = preSolution
		Debug|Any CPU = Debug|Any CPU
		Release|Any CPU = Release|Any CPU
	EndGlobalSection
	GlobalSection(ProjectConfigurationPlatforms) = postSolution
		{D600DA89-484E-4EA9-A14C-D6413722834E}.Debug|Any CPU.ActiveCfg = Debug|Any CPU
		{D600DA89-484E-4EA9-A14C-D6413722834E}.Debug|Any CPU.Build.0 = Debug|Any CPU
		{D600DA89-484E-4EA9-A14C-D6413722834E}.Release|Any CPU.ActiveCfg = Release|Any CPU
		{D600DA89-484E-4EA9-A14C-D6413722834E}.Release|Any CPU.Build.0 = Release|Any CPU
	EndGlobalSection
	GlobalSection(SolutionProperties) = preSolution
		HideSolutionNode = FALSE
	EndGlobalSection
	GlobalSection(ExtensibilityGlobals) = postSolution
		SolutionGuid = {8815F44E-ED3E-49C8-8777-0D4C1371E5C1}
	EndGlobalSection
EndGlobal
